lockfileVersion: '9.0'

settings:
  autoInstallPeers: true
  excludeLinksFromLockfile: false

importers:

  .:
    dependencies:
      '@slyxup/templates-core':
        specifier: ^0.1.0
        version: 0.1.0
      react:
        specifier: ^19.0.0
        version: 19.2.6
      remotion:
        specifier: ^4.0.0
        version: 4.0.469(react-dom@19.2.6(react@19.2.6))(react@19.2.6)
    devDependencies:
      '@types/react':
        specifier: ^19.0.0
        version: 19.2.15
      typescript:
        specifier: ^6.0.2
        version: 6.0.3

  core:
    dependencies:
      react:
        specifier: ^19.0.0
        version: 19.2.6
    devDependencies:
      '@types/react':
        specifier: ^19.0.0
        version: 19.2.15
      typescript:
        specifier: ^6.0.2
        version: 6.0.3

  packages/template-ai-facts:
    dependencies:
      '@slyxup/templates-core':
        specifier: ^0.1.0
        version: 0.1.0
      react:
        specifier: ^19.0.0
        version: 19.2.6
      remotion:
        specifier: ^4.0.0
        version: 4.0.469(react-dom@19.2.6(react@19.2.6))(react@19.2.6)
    devDependencies:
      '@types/react':
        specifier: ^19.0.0
        version: 19.2.15
      typescript:
        specifier: ^6.0.2
        version: 6.0.3

  packages/template-finance-tip:
    dependencies:
      '@slyxup/templates-core':
        specifier: ^0.1.0
        version: 0.1.0
      react:
        specifier: ^19.0.0
        version: 19.2.6
      remotion:
        specifier: ^4.0.0
        version: 4.0.469(react-dom@19.2.6(react@19.2.6))(react@19.2.6)
    devDependencies:
      '@types/react':
        specifier: ^19.0.0
        version: 19.2.15
      typescript:
        specifier: ^6.0.2
        version: 6.0.3

  packages/template-history-fact:
    dependencies:
      '@slyxup/templates-core':
        specifier: ^0.1.0
        version: 0.1.0
      react:
        specifier: ^19.0.0
        version: 19.2.6
      remotion:
        specifier: ^4.0.0
        version: 4.0.469(react-dom@19.2.6(react@19.2.6))(react@19.2.6)
    devDependencies:
      '@types/react':
        specifier: ^19.0.0
        version: 19.2.15
      typescript:
        specifier: ^6.0.2
        version: 6.0.3

  packages/template-marketing-tip:
    dependencies:
      '@slyxup/templates-core':
        specifier: ^0.1.0
        version: 0.1.0
      react:
        specifier: ^19.0.0
        version: 19.2.6
      remotion:
        specifier: ^4.0.0
        version: 4.0.469(react-dom@19.2.6(react@19.2.6))(react@19.2.6)
    devDependencies:
      '@types/react':
        specifier: ^19.0.0
        version: 19.2.15
      typescript:
        specifier: ^6.0.2
        version: 6.0.3

  packages/template-motivational-quote:
    dependencies:
      '@slyxup/templates-core':
        specifier: ^0.1.0
        version: 0.1.0
      react:
        specifier: ^19.0.0
        version: 19.2.6
      remotion:
        specifier: ^4.0.0
        version: 4.0.469(react-dom@19.2.6(react@19.2.6))(react@19.2.6)
    devDependencies:
      '@types/react':
        specifier: ^19.0.0
        version: 19.2.15
      typescript:
        specifier: ^6.0.2
        version: 6.0.3

  packages/template-tech-news:
    dependencies:
      '@slyxup/templates-core':
        specifier: ^0.1.0
        version: 0.1.0
      react:
        specifier: ^19.0.0
        version: 19.2.6
      remotion:
        specifier: ^4.0.0
        version: 4.0.469(react-dom@19.2.6(react@19.2.6))(react@19.2.6)
    devDependencies:
      '@types/react':
        specifier: ^19.0.0
        version: 19.2.15
      typescript:
        specifier: ^6.0.2
        version: 6.0.3

  packages/template-workout-tip:
    dependencies:
      '@slyxup/templates-core':
        specifier: ^0.1.0
        version: 0.1.0
      react:
        specifier: ^19.0.0
        version: 19.2.6
      remotion:
        specifier: ^4.0.0
        version: 4.0.469(react-dom@19.2.6(react@19.2.6))(react@19.2.6)
    devDependencies:
      '@types/react':
        specifier: ^19.0.0
        version: 19.2.15
      typescript:
        specifier: ^6.0.2
        version: 6.0.3

packages:

  '@slyxup/templates-core@0.1.0':
    resolution: {integrity: sha512-JpjL7XylRRiLdZLiYUBvty7YAPgurpv1y01qyMg6LsnUQmqpfY9naQxCVwYwL9MziIBlQDiMK2M6TjWWua3UOw==}

  '@types/react@19.2.15':
    resolution: {integrity: sha512-eRwcGNHve+E8qtEQSSRl6urh+rFop4v8gm6O8rGv25CodbvFdLjA1vVQ1KkiFE0w0UPOnb8tDiFKL5lp0rtY5Q==}

  csstype@3.2.3:
    resolution: {integrity: sha512-z1HGKcYy2xA8AGQfwrn0PAy+PB7X/GSj3UVJW9qKyn43xWa+gl5nXmU4qqLMRzWVLFC8KusUX8T/0kCiOYpAIQ==}

  react-dom@19.2.6:
    resolution: {integrity: sha512-0prMI+hvBbPjsWnxDLxlCGyM8PN6UuWjEUCYmZhO67xIV9Xasa/r/vDnq+Xyq4Lo27g8QSbO5YzARu0D1Sps3g==}
    peerDependencies:
      react: ^19.2.6

  react@19.2.6:
    resolution: {integrity: sha512-sfWGGfavi0xr8Pg0sVsyHMAOziVYKgPLNrS7ig+ivMNb3wbCBw3KxtflsGBAwD3gYQlE/AEZsTLgToRrSCjb0Q==}
    engines: {node: '>=0.10.0'}

  remotion@4.0.469:
    resolution: {integrity: sha512-wD8LK3bFfcv44gnj8KLS1R1iGI+n0XGtPvdIiIaGfE+CTX3p2FJYKw2Vc5OfyfdVSACLn3r654XW9VteA9cTIQ==}
    peerDependencies:
      react: '>=16.8.0'
      react-dom: '>=16.8.0'

  scheduler@0.27.0:
    resolution: {integrity: sha512-eNv+WrVbKu1f3vbYJT/xtiF5syA5HPIMtf9IgY/nKg0sWqzAUEvqY/xm7OcZc/qafLx/iO9FgOmeSAp4v5ti/Q==}

  typescript@6.0.3:
    resolution: {integrity: sha512-y2TvuxSZPDyQakkFRPZHKFm+KKVqIisdg9/CZwm9ftvKXLP8NRWj38/ODjNbr43SsoXqNuAisEf1GdCxqWcdBw==}
    engines: {node: '>=14.17'}
    hasBin: true

snapshots:

  '@slyxup/templates-core@0.1.0':
    dependencies:
      react: 19.2.6

  '@types/react@19.2.15':
    dependencies:
      csstype: 3.2.3

  csstype@3.2.3: {}

  react-dom@19.2.6(react@19.2.6):
    dependencies:
      react: 19.2.6
      scheduler: 0.27.0

  react@19.2.6: {}

  remotion@4.0.469(react-dom@19.2.6(react@19.2.6))(react@19.2.6):
    dependencies:
      react: 19.2.6
      react-dom: 19.2.6(react@19.2.6)

  scheduler@0.27.0: {}

  typescript@6.0.3: {}
